
Microsoft Visual Studio Solution File, Format Version 12.00
# Visual Studio 15
VisualStudioVersion = 15.0.26124.0
MinimumVisualStudioVersion = 15.0.26124.0
Project("{FAE04EC0-301F-11D3-BF4B-00C04F79EFBC}") = "WebApiPA", "WebApiPA\WebApiPA.csproj", "{3194FFFE-E451-49F8-96A4-955E99B223AA}"
EndProject
Project("{FAE04EC0-301F-11D3-BF4B-00C04F79EFBC}") = "DAL_WebApiPA", "DAL_WebApiPA\DAL_WebApiPA.csproj", "{E6AC8E88-0EC1-4E01-B579-556B1F493732}"
EndProject
Project("{FAE04EC0-301F-11D3-BF4B-00C04F79EFBC}") = "BE_WebApiPA", "BE_WebApiPA\BL_WebApiPA.csproj", "{B34EAD74-BA61-4369-93AF-BE36B6DA2A81}"
EndProject
Global
	GlobalSection(SolutionConfigurationPlatforms) = preSolution
		Debug|Any CPU = Debug|Any CPU
		Debug|x64 = Debug|x64
		Debug|x86 = Debug|x86
		Release|Any CPU = Release|Any CPU
		Release|x64 = Release|x64
		Release|x86 = Release|x86
	EndGlobalSection
	GlobalSection(SolutionProperties) = preSolution
		HideSolutionNode = FALSE
	EndGlobalSection
	GlobalSection(ProjectConfigurationPlatforms) = postSolution
		{3194FFFE-E451-49F8-96A4-955E99B223AA}.Debug|Any CPU.ActiveCfg = Debug|Any CPU
		{3194FFFE-E451-49F8-96A4-955E99B223AA}.Debug|Any CPU.Build.0 = Debug|Any CPU
		{3194FFFE-E451-49F8-96A4-955E99B223AA}.Debug|x64.ActiveCfg = Debug|Any CPU
		{3194FFFE-E451-49F8-96A4-955E99B223AA}.Debug|x64.Build.0 = Debug|Any CPU
		{3194FFFE-E451-49F8-96A4-955E99B223AA}.Debug|x86.ActiveCfg = Debug|Any CPU
		{3194FFFE-E451-49F8-96A4-955E99B223AA}.Debug|x86.Build.0 = Debug|Any CPU
		{3194FFFE-E451-49F8-96A4-955E99B223AA}.Release|Any CPU.ActiveCfg = Release|Any CPU
		{3194FFFE-E451-49F8-96A4-955E99B223AA}.Release|Any CPU.Build.0 = Release|Any CPU
		{3194FFFE-E451-49F8-96A4-955E99B223AA}.Release|x64.ActiveCfg = Release|Any CPU
		{3194FFFE-E451-49F8-96A4-955E99B223AA}.Release|x64.Build.0 = Release|Any CPU
		{3194FFFE-E451-49F8-96A4-955E99B223AA}.Release|x86.ActiveCfg = Release|Any CPU
		{3194FFFE-E451-49F8-96A4-955E99B223AA}.Release|x86.Build.0 = Release|Any CPU
		{E6AC8E88-0EC1-4E01-B579-556B1F493732}.Debug|Any CPU.ActiveCfg = Debug|Any CPU
		{E6AC8E88-0EC1-4E01-B579-556B1F493732}.Debug|Any CPU.Build.0 = Debug|Any CPU
		{E6AC8E88-0EC1-4E01-B579-556B1F493732}.Debug|x64.ActiveCfg = Debug|Any CPU
		{E6AC8E88-0EC1-4E01-B579-556B1F493732}.Debug|x64.Build.0 = Debug|Any CPU
		{E6AC8E88-0EC1-4E01-B579-556B1F493732}.Debug|x86.ActiveCfg = Debug|Any CPU
		{E6AC8E88-0EC1-4E01-B579-556B1F493732}.Debug|x86.Build.0 = Debug|Any CPU
		{E6AC8E88-0EC1-4E01-B579-556B1F493732}.Release|Any CPU.ActiveCfg = Release|Any CPU
		{E6AC8E88-0EC1-4E01-B579-556B1F493732}.Release|Any CPU.Build.0 = Release|Any CPU
		{E6AC8E88-0EC1-4E01-B579-556B1F493732}.Release|x64.ActiveCfg = Release|Any CPU
		{E6AC8E88-0EC1-4E01-B579-556B1F493732}.Release|x64.Build.0 = Release|Any CPU
		{E6AC8E88-0EC1-4E01-B579-556B1F493732}.Release|x86.ActiveCfg = Release|Any CPU
		{E6AC8E88-0EC1-4E01-B579-556B1F493732}.Release|x86.Build.0 = Release|Any CPU
		{B34EAD74-BA61-4369-93AF-BE36B6DA2A81}.Debug|Any CPU.ActiveCfg = Debug|Any CPU
		{B34EAD74-BA61-4369-93AF-BE36B6DA2A81}.Debug|Any CPU.Build.0 = Debug|Any CPU
		{B34EAD74-BA61-4369-93AF-BE36B6DA2A81}.Debug|x64.ActiveCfg = Debug|Any CPU
		{B34EAD74-BA61-4369-93AF-BE36B6DA2A81}.Debug|x64.Build.0 = Debug|Any CPU
		{B34EAD74-BA61-4369-93AF-BE36B6DA2A81}.Debug|x86.ActiveCfg = Debug|Any CPU
		{B34EAD74-BA61-4369-93AF-BE36B6DA2A81}.Debug|x86.Build.0 = Debug|Any CPU
		{B34EAD74-BA61-4369-93AF-BE36B6DA2A81}.Release|Any CPU.ActiveCfg = Release|Any CPU
		{B34EAD74-BA61-4369-93AF-BE36B6DA2A81}.Release|Any CPU.Build.0 = Release|Any CPU
		{B34EAD74-BA61-4369-93AF-BE36B6DA2A81}.Release|x64.ActiveCfg = Release|Any CPU
		{B34EAD74-BA61-4369-93AF-BE36B6DA2A81}.Release|x64.Build.0 = Release|Any CPU
		{B34EAD74-BA61-4369-93AF-BE36B6DA2A81}.Release|x86.ActiveCfg = Release|Any CPU
		{B34EAD74-BA61-4369-93AF-BE36B6DA2A81}.Release|x86.Build.0 = Release|Any CPU
	EndGlobalSection
EndGlobal
